// !$*UTF8*$!
{
	archiveVersion = 1;
	classes = {
	};
	objectVersion = 46;
	objects = {

/* Begin PBXBuildFile section */
		CC431F431B72B547004BD7D9 /* bxon.cpp in Sources */ = {isa = PBXBuildFile; fileRef = CC431F411B72B547004BD7D9 /* bxon.cpp */; };
		CC6410A91B1D982D006626CD /* main.cpp in Sources */ = {isa = PBXBuildFile; fileRef = CC6410A71B1D982D006626CD /* main.cpp */; };
		CCABFBBC1B30C026009A817A /* bxon.c in Sources */ = {isa = PBXBuildFile; fileRef = CC6410A51B1D982D006626CD /* bxon.c */; };
/* End PBXBuildFile section */

/* Begin PBXCopyFilesBuildPhase section */
		CC6410991B1D97FF006626CD /* CopyFiles */ = {
			isa = PBXCopyFilesBuildPhase;
			buildActionMask = 2147483647;
			dstPath = /usr/share/man/man1/;
			dstSubfolderSpec = 0;
			files = (
			);
			runOnlyForDeploymentPostprocessing = 1;
		};
/* End PBXCopyFilesBuildPhase section */

/* Begin PBXFileReference section */
		CC431F411B72B547004BD7D9 /* bxon.cpp */ = {isa = PBXFileReference; fileEncoding = 4; lastKnownFileType = sourcecode.cpp.cpp; name = bxon.cpp; path = ../../../source/bxon.cpp; sourceTree = "<group>"; };
		CC431F421B72B547004BD7D9 /* bxon.hpp */ = {isa = PBXFileReference; fileEncoding = 4; lastKnownFileType = sourcecode.cpp.h; name = bxon.hpp; path = ../../../source/bxon.hpp; sourceTree = "<group>"; };
		CC64109B1B1D97FF006626CD /* bxon */ = {isa = PBXFileReference; explicitFileType = "compiled.mach-o.executable"; includeInIndex = 0; path = bxon; sourceTree = BUILT_PRODUCTS_DIR; };
		CC6410A51B1D982D006626CD /* bxon.c */ = {isa = PBXFileReference; fileEncoding = 4; lastKnownFileType = sourcecode.c.c; name = bxon.c; path = ../../../source/bxon.c; sourceTree = "<group>"; };
		CC6410A61B1D982D006626CD /* bxon.h */ = {isa = PBXFileReference; fileEncoding = 4; lastKnownFileType = sourcecode.c.h; name = bxon.h; path = ../../../source/bxon.h; sourceTree = "<group>"; };
		CC6410A71B1D982D006626CD /* main.cpp */ = {isa = PBXFileReference; fileEncoding = 4; lastKnownFileType = sourcecode.cpp.cpp; name = main.cpp; path = ../../../source/main.cpp; sourceTree = "<group>"; };
/* End PBXFileReference section */

/* Begin PBXFrameworksBuildPhase section */
		CC6410981B1D97FF006626CD /* Frameworks */ = {
			isa = PBXFrameworksBuildPhase;
			buildActionMask = 2147483647;
			files = (
			);
			runOnlyForDeploymentPostprocessing = 0;
		};
/* End PBXFrameworksBuildPhase section */

/* Begin PBXGroup section */
		CC6410921B1D97FF006626CD = {
			isa = PBXGroup;
			children = (
				CC64109D1B1D97FF006626CD /* bxon */,
				CC64109C1B1D97FF006626CD /* Products */,
			);
			sourceTree = "<group>";
		};
		CC64109C1B1D97FF006626CD /* Products */ = {
			isa = PBXGroup;
			children = (
				CC64109B1B1D97FF006626CD /* bxon */,
			);
			name = Products;
			sourceTree = "<group>";
		};
		CC64109D1B1D97FF006626CD /* bxon */ = {
			isa = PBXGroup;
			children = (
				CC6410A51B1D982D006626CD /* bxon.c */,
				CC6410A61B1D982D006626CD /* bxon.h */,
				CC431F411B72B547004BD7D9 /* bxon.cpp */,
				CC431F421B72B547004BD7D9 /* bxon.hpp */,
				CC6410A71B1D982D006626CD /* main.cpp */,
			);
			path = bxon;
			sourceTree = "<group>";
		};
/* End PBXGroup section */

/* Begin PBXNativeTarget section */
		CC64109A1B1D97FF006626CD /* bxon */ = {
			isa = PBXNativeTarget;
			buildConfigurationList = CC6410A21B1D97FF006626CD /* Build configuration list for PBXNativeTarget "bxon" */;
			buildPhases = (
				CC6410971B1D97FF006626CD /* Sources */,
				CC6410981B1D97FF006626CD /* Frameworks */,
				CC6410991B1D97FF006626CD /* CopyFiles */,
			);
			buildRules = (
			);
			dependencies = (
			);
			name = bxon;
			productName = bxon;
			productReference = CC64109B1B1D97FF006626CD /* bxon */;
			productType = "com.apple.product-type.tool";
		};
/* End PBXNativeTarget section */

/* Begin PBXProject section */
		CC6410931B1D97FF006626CD /* Project object */ = {
			isa = PBXProject;
			attributes = {
				LastUpgradeCheck = 0610;
				ORGANIZATIONNAME = nczeroshift;
				TargetAttributes = {
					CC64109A1B1D97FF006626CD = {
						CreatedOnToolsVersion = 6.1.1;
					};
				};
			};
			buildConfigurationList = CC6410961B1D97FF006626CD /* Build configuration list for PBXProject "bxon" */;
			compatibilityVersion = "Xcode 3.2";
			developmentRegion = English;
			hasScannedForEncodings = 0;
			knownRegions = (
				en,
			);
			mainGroup = CC6410921B1D97FF006626CD;
			productRefGroup = CC64109C1B1D97FF006626CD /* Products */;
			projectDirPath = "";
			projectRoot = "";
			targets = (
				CC64109A1B1D97FF006626CD /* bxon */,
			);
		};
/* End PBXProject section */

/* Begin PBXSourcesBuildPhase section */
		CC6410971B1D97FF006626CD /* Sources */ = {
			isa = PBXSourcesBuildPhase;
			buildActionMask = 2147483647;
			files = (
				CCABFBBC1B30C026009A817A /* bxon.c in Sources */,
				CC6410A91B1D982D006626CD /* main.cpp in Sources */,
				CC431F431B72B547004BD7D9 /* bxon.cpp in Sources */,
			);
			runOnlyForDeploymentPostprocessing = 0;
		};
/* End PBXSourcesBuildPhase section */

/* Begin XCBuildConfiguration section */
		CC6410A01B1D97FF006626CD /* Debug */ = {
			isa = XCBuildConfiguration;
			buildSettings = {
				ALWAYS_SEARCH_USER_PATHS = NO;
				CLANG_CXX_LANGUAGE_STANDARD = "gnu++0x";
				CLANG_CXX_LIBRARY = "libc++";
				CLANG_ENABLE_MODULES = YES;
				CLANG_ENABLE_OBJC_ARC = YES;
				CLANG_WARN_BOOL_CONVERSION = YES;
				CLANG_WARN_CONSTANT_CONVERSION = YES;
				CLANG_WARN_DIRECT_OBJC_ISA_USAGE = YES_ERROR;
				CLANG_WARN_EMPTY_BODY = YES;
				CLANG_WARN_ENUM_CONVERSION = YES;
				CLANG_WARN_INT_CONVERSION = YES;
				CLANG_WARN_OBJC_ROOT_CLASS = YES_ERROR;
				CLANG_WARN_UNREACHABLE_CODE = YES;
				CLANG_WARN__DUPLICATE_METHOD_MATCH = YES;
				COPY_PHASE_STRIP = NO;
				ENABLE_STRICT_OBJC_MSGSEND = YES;
				GCC_C_LANGUAGE_STANDARD = gnu99;
				GCC_DYNAMIC_NO_PIC = NO;
				GCC_OPTIMIZATION_LEVEL = 0;
				GCC_PREPROCESSOR_DEFINITIONS = (
					"DEBUG=1",
					"$(inherited)",
				);
				GCC_SYMBOLS_PRIVATE_EXTERN = NO;
				GCC_WARN_64_TO_32_BIT_CONVERSION = YES;
				GCC_WARN_ABOUT_RETURN_TYPE = YES_ERROR;
				GCC_WARN_UNDECLARED_SELECTOR = YES;
				GCC_WARN_UNINITIALIZED_AUTOS = YES_AGGRESSIVE;
				GCC_WARN_UNUSED_FUNCTION = YES;
				GCC_WARN_UNUSED_VARIABLE = YES;
				MACOSX_DEPLOYMENT_TARGET = 10.9;
				MTL_ENABLE_DEBUG_INFO = YES;
				ONLY_ACTIVE_ARCH = YES;
				SDKROOT = macosx;
			};
			name = Debug;
		};
		CC6410A11B1D97FF006626CD /* Release */ = {
			isa = XCBuildConfiguration;
			buildSettings = {
				ALWAYS_SEARCH_USER_PATHS = NO;
				CLANG_CXX_LANGUAGE_STANDARD = "gnu++0x";
				CLANG_CXX_LIBRARY = "libc++";
				CLANG_ENABLE_MODULES = YES;
				CLANG_ENABLE_OBJC_ARC = YES;
				CLANG_WARN_BOOL_CONVERSION = YES;
				CLANG_WARN_CONSTANT_CONVERSION = YES;
				CLANG_WARN_DIRECT_OBJC_ISA_USAGE = YES_ERROR;
				CLANG_WARN_EMPTY_BODY = YES;
				CLANG_WARN_ENUM_CONVERSION = YES;
				CLANG_WARN_INT_CONVERSION = YES;
				CLANG_WARN_OBJC_ROOT_CLASS = YES_ERROR;
				CLANG_WARN_UNREACHABLE_CODE = YES;
				CLANG_WARN__DUPLICATE_METHOD_MATCH = YES;
				COPY_PHASE_STRIP = YES;
				DEBUG_INFORMATION_FORMAT = "dwarf-with-dsym";
				ENABLE_NS_ASSERTIONS = NO;
				ENABLE_STRICT_OBJC_MSGSEND = YES;
				GCC_C_LANGUAGE_STANDARD = gnu99;
				GCC_WARN_64_TO_32_BIT_CONVERSION = YES;
				GCC_WARN_ABOUT_RETURN_TYPE = YES_ERROR;
				GCC_WARN_UNDECLARED_SELECTOR = YES;
				GCC_WARN_UNINITIALIZED_AUTOS = YES_AGGRESSIVE;
				GCC_WARN_UNUSED_FUNCTION = YES;
				GCC_WARN_UNUSED_VARIABLE = YES;
				MACOSX_DEPLOYMENT_TARGET = 10.9;
				MTL_ENABLE_DEBUG_INFO = NO;
				SDKROOT = macosx;
			};
			name = Release;
		};
		CC6410A31B1D97FF006626CD /* Debug */ = {
			isa = XCBuildConfiguration;
			buildSettings = {
				PRODUCT_NAME = "$(TARGET_NAME)";
			};
			name = Debug;
		};
		CC6410A41B1D97FF006626CD /* Release */ = {
			isa = XCBuildConfiguration;
			buildSettings = {
				PRODUCT_NAME = "$(TARGET_NAME)";
			};
			name = Release;
		};
/* End XCBuildConfiguration section */

/* Begin XCConfigurationList section */
		CC6410961B1D97FF006626CD /* Build configuration list for PBXProject "bxon" */ = {
			isa = XCConfigurationList;
			buildConfigurations = (
				CC6410A01B1D97FF006626CD /* Debug */,
				CC6410A11B1D97FF006626CD /* Release */,
			);
			defaultConfigurationIsVisible = 0;
			defaultConfigurationName = Release;
		};
		CC6410A21B1D97FF006626CD /* Build configuration list for PBXNativeTarget "bxon" */ = {
			isa = XCConfigurationList;
			buildConfigurations = (
				CC6410A31B1D97FF006626CD /* Debug */,
				CC6410A41B1D97FF006626CD /* Release */,
			);
			defaultConfigurationIsVisible = 0;
			defaultConfigurationName = Release;
		};
/* End XCConfigurationList section */
	};
	rootObject = CC6410931B1D97FF006626CD /* Project object */;
}
